
Microsoft Visual Studio Solution File, Format Version 12.00
# Visual Studio 15
VisualStudioVersion = 15.0.27703.2042
MinimumVisualStudioVersion = 10.0.40219.1
Project("{FAE04EC0-301F-11D3-BF4B-00C04F79EFBC}") = "BankingApplication", "BankingApplication\BankingApplication.csproj", "{FE725BAA-3B44-4F6C-818D-FDE68E3645A1}"
EndProject
Global
	GlobalSection(SolutionConfigurationPlatforms) = preSolution
		Debug|Any CPU = Debug|Any CPU
		Release|Any CPU = Release|Any CPU
	EndGlobalSection
	GlobalSection(ProjectConfigurationPlatforms) = postSolution
		{FE725BAA-3B44-4F6C-818D-FDE68E3645A1}.Debug|Any CPU.ActiveCfg = Debug|Any CPU
		{FE725BAA-3B44-4F6C-818D-FDE68E3645A1}.Debug|Any CPU.Build.0 = Debug|Any CPU
		{FE725BAA-3B44-4F6C-818D-FDE68E3645A1}.Release|Any CPU.ActiveCfg = Release|Any CPU
		{FE725BAA-3B44-4F6C-818D-FDE68E3645A1}.Release|Any CPU.Build.0 = Release|Any CPU
	EndGlobalSection
	GlobalSection(SolutionProperties) = preSolution
		HideSolutionNode = FALSE
	EndGlobalSection
	GlobalSection(ExtensibilityGlobals) = postSolution
		SolutionGuid = {BA22ABFD-0E48-44A0-8DD5-C5B4A30808E4}
	EndGlobalSection
EndGlobal
